
Microsoft Visual Studio Solution File, Format Version 12.00
# Visual Studio Version 16
VisualStudioVersion = 16.0.31424.327
MinimumVisualStudioVersion = 10.0.40219.1
Project("{FAE04EC0-301F-11D3-BF4B-00C04F79EFBC}") = "Projekt3", "Projekt3\Projekt3.csproj", "{D47776E1-3F19-4D6E-A18B-A32E3EBE16FB}"
EndProject
Global
	GlobalSection(SolutionConfigurationPlatforms) = preSolution
		Debug|Any CPU = Debug|Any CPU
		Release|Any CPU = Release|Any CPU
	EndGlobalSection
	GlobalSection(ProjectConfigurationPlatforms) = postSolution
		{D47776E1-3F19-4D6E-A18B-A32E3EBE16FB}.Debug|Any CPU.ActiveCfg = Debug|Any CPU
		{D47776E1-3F19-4D6E-A18B-A32E3EBE16FB}.Debug|Any CPU.Build.0 = Debug|Any CPU
		{D47776E1-3F19-4D6E-A18B-A32E3EBE16FB}.Release|Any CPU.ActiveCfg = Release|Any CPU
		{D47776E1-3F19-4D6E-A18B-A32E3EBE16FB}.Release|Any CPU.Build.0 = Release|Any CPU
	EndGlobalSection
	GlobalSection(SolutionProperties) = preSolution
		HideSolutionNode = FALSE
	EndGlobalSection
	GlobalSection(ExtensibilityGlobals) = postSolution
		SolutionGuid = {6AFDF83D-06B8-4914-AA46-F39EF7FC662A}
	EndGlobalSection
EndGlobal
